
Microsoft Visual Studio Solution File, Format Version 12.00
# Visual Studio Version 17
VisualStudioVersion = 17.8.34330.188
MinimumVisualStudioVersion = 10.0.40219.1
Project("{FAE04EC0-301F-11D3-BF4B-00C04F79EFBC}") = "WebApplication1", "WebApplication1\WebApplication1.csproj", "{55DCA705-DCA4-45AB-AE87-6CA3C9A39560}"
EndProject
Project("{FAE04EC0-301F-11D3-BF4B-00C04F79EFBC}") = "TestProject1", "TestProject1\TestProject1.csproj", "{02517437-F10B-4976-A871-CF496DA4D419}"
EndProject
Global
	GlobalSection(SolutionConfigurationPlatforms) = preSolution
		Debug|Any CPU = Debug|Any CPU
		Release|Any CPU = Release|Any CPU
	EndGlobalSection
	GlobalSection(ProjectConfigurationPlatforms) = postSolution
		{55DCA705-DCA4-45AB-AE87-6CA3C9A39560}.Debug|Any CPU.ActiveCfg = Debug|Any CPU
		{55DCA705-DCA4-45AB-AE87-6CA3C9A39560}.Debug|Any CPU.Build.0 = Debug|Any CPU
		{55DCA705-DCA4-45AB-AE87-6CA3C9A39560}.Release|Any CPU.ActiveCfg = Release|Any CPU
		{55DCA705-DCA4-45AB-AE87-6CA3C9A39560}.Release|Any CPU.Build.0 = Release|Any CPU
		{02517437-F10B-4976-A871-CF496DA4D419}.Debug|Any CPU.ActiveCfg = Debug|Any CPU
		{02517437-F10B-4976-A871-CF496DA4D419}.Debug|Any CPU.Build.0 = Debug|Any CPU
		{02517437-F10B-4976-A871-CF496DA4D419}.Release|Any CPU.ActiveCfg = Release|Any CPU
		{02517437-F10B-4976-A871-CF496DA4D419}.Release|Any CPU.Build.0 = Release|Any CPU
	EndGlobalSection
	GlobalSection(SolutionProperties) = preSolution
		HideSolutionNode = FALSE
	EndGlobalSection
	GlobalSection(ExtensibilityGlobals) = postSolution
		SolutionGuid = {E29344CB-FEF6-44BC-8836-E60044BA3F67}
	EndGlobalSection
EndGlobal
